
Microsoft Visual Studio Solution File, Format Version 11.00
# Visual Studio 2010
Project("{FAE04EC0-301F-11D3-BF4B-00C04F79EFBC}") = "Assembly-CSharp", "Assembly-CSharp.csproj", "{976d7968-47c0-1f18-c354-2bee6ce403dd}"
EndProject
Project("{FAE04EC0-301F-11D3-BF4B-00C04F79EFBC}") = "Assembly-CSharp-Editor", "Assembly-CSharp-Editor.csproj", "{817826a0-79ba-1631-5073-d18baffc39d7}"
EndProject
Global
	GlobalSection(SolutionConfigurationPlatforms) = preSolution
		Debug|Any CPU = Debug|Any CPU
	EndGlobalSection
	GlobalSection(ProjectConfigurationPlatforms) = postSolution
		{976d7968-47c0-1f18-c354-2bee6ce403dd}.Debug|Any CPU.ActiveCfg = Debug|Any CPU
		{976d7968-47c0-1f18-c354-2bee6ce403dd}.Debug|Any CPU.Build.0 = Debug|Any CPU
		{817826a0-79ba-1631-5073-d18baffc39d7}.Debug|Any CPU.ActiveCfg = Debug|Any CPU
		{817826a0-79ba-1631-5073-d18baffc39d7}.Debug|Any CPU.Build.0 = Debug|Any CPU
	EndGlobalSection
	GlobalSection(SolutionProperties) = preSolution
		HideSolutionNode = FALSE
	EndGlobalSection
EndGlobal
